
Microsoft Visual Studio Solution File, Format Version 12.00
# Visual Studio 15
Project("{FAE04EC0-301F-11D3-BF4B-00C04F79EFBC}") = "Assembly-CSharp", "Assembly-CSharp.csproj", "{A59E0AA2-2A1F-FD56-AA8B-BF6AF6B52A54}"
EndProject
Project("{FAE04EC0-301F-11D3-BF4B-00C04F79EFBC}") = "Assembly-CSharp-firstpass", "Assembly-CSharp-firstpass.csproj", "{38DD5490-CA6B-8437-BE8D-E7C70B40CA4B}"
EndProject
Project("{FAE04EC0-301F-11D3-BF4B-00C04F79EFBC}") = "Assembly-CSharp-Editor", "Assembly-CSharp-Editor.csproj", "{E0F2D61D-8A6D-DC83-3C39-97CDBD3E6D2A}"
EndProject
Project("{FAE04EC0-301F-11D3-BF4B-00C04F79EFBC}") = "Assembly-CSharp-Editor-firstpass", "Assembly-CSharp-Editor-firstpass.csproj", "{C492A2B9-60A3-E6EA-E709-328859409DF6}"
EndProject
Global
	GlobalSection(SolutionConfigurationPlatforms) = preSolution
		Debug|Any CPU = Debug|Any CPU
		Release|Any CPU = Release|Any CPU
	EndGlobalSection
	GlobalSection(ProjectConfigurationPlatforms) = postSolution
		{A59E0AA2-2A1F-FD56-AA8B-BF6AF6B52A54}.Debug|Any CPU.ActiveCfg = Debug|Any CPU
		{A59E0AA2-2A1F-FD56-AA8B-BF6AF6B52A54}.Debug|Any CPU.Build.0 = Debug|Any CPU
		{A59E0AA2-2A1F-FD56-AA8B-BF6AF6B52A54}.Release|Any CPU.ActiveCfg = Release|Any CPU
		{A59E0AA2-2A1F-FD56-AA8B-BF6AF6B52A54}.Release|Any CPU.Build.0 = Release|Any CPU
		{38DD5490-CA6B-8437-BE8D-E7C70B40CA4B}.Debug|Any CPU.ActiveCfg = Debug|Any CPU
		{38DD5490-CA6B-8437-BE8D-E7C70B40CA4B}.Debug|Any CPU.Build.0 = Debug|Any CPU
		{38DD5490-CA6B-8437-BE8D-E7C70B40CA4B}.Release|Any CPU.ActiveCfg = Release|Any CPU
		{38DD5490-CA6B-8437-BE8D-E7C70B40CA4B}.Release|Any CPU.Build.0 = Release|Any CPU
		{E0F2D61D-8A6D-DC83-3C39-97CDBD3E6D2A}.Debug|Any CPU.ActiveCfg = Debug|Any CPU
		{E0F2D61D-8A6D-DC83-3C39-97CDBD3E6D2A}.Debug|Any CPU.Build.0 = Debug|Any CPU
		{E0F2D61D-8A6D-DC83-3C39-97CDBD3E6D2A}.Release|Any CPU.ActiveCfg = Release|Any CPU
		{E0F2D61D-8A6D-DC83-3C39-97CDBD3E6D2A}.Release|Any CPU.Build.0 = Release|Any CPU
		{C492A2B9-60A3-E6EA-E709-328859409DF6}.Debug|Any CPU.ActiveCfg = Debug|Any CPU
		{C492A2B9-60A3-E6EA-E709-328859409DF6}.Debug|Any CPU.Build.0 = Debug|Any CPU
		{C492A2B9-60A3-E6EA-E709-328859409DF6}.Release|Any CPU.ActiveCfg = Release|Any CPU
		{C492A2B9-60A3-E6EA-E709-328859409DF6}.Release|Any CPU.Build.0 = Release|Any CPU
	EndGlobalSection
	GlobalSection(SolutionProperties) = preSolution
		HideSolutionNode = FALSE
	EndGlobalSection
EndGlobal
